// !$*UTF8*$!
{
	archiveVersion = 1;
	classes = {
	};
	objectVersion = 56;
	objects = {

/* Begin PBXBuildFile section */
		F06606152AF2B8B50058DEE1 /* .gitignore in Resources */ = {isa = PBXBuildFile; fileRef = F06606142AF2B8B50058DEE1 /* .gitignore */; };
		F06606172AF2B9070058DEE1 /* README.md in Resources */ = {isa = PBXBuildFile; fileRef = F06606162AF2B9070058DEE1 /* README.md */; };
		F07AC0DE2AF2303200BD2B93 /* ejemplos_swuiftuiApp.swift in Sources */ = {isa = PBXBuildFile; fileRef = F07AC0DD2AF2303200BD2B93 /* ejemplos_swuiftuiApp.swift */; };
		F07AC0E02AF2303200BD2B93 /* ContentView.swift in Sources */ = {isa = PBXBuildFile; fileRef = F07AC0DF2AF2303200BD2B93 /* ContentView.swift */; };
		F07AC0E22AF2303400BD2B93 /* Assets.xcassets in Resources */ = {isa = PBXBuildFile; fileRef = F07AC0E12AF2303400BD2B93 /* Assets.xcassets */; };
		F07AC0E52AF2303400BD2B93 /* Preview Assets.xcassets in Resources */ = {isa = PBXBuildFile; fileRef = F07AC0E42AF2303400BD2B93 /* Preview Assets.xcassets */; };
		F07AC0F52AF2AF2F00BD2B93 /* EjemploPicker.swift in Sources */ = {isa = PBXBuildFile; fileRef = F07AC0EC2AF2AF2F00BD2B93 /* EjemploPicker.swift */; };
		F07AC0F62AF2AF2F00BD2B93 /* EjemploSlider.swift in Sources */ = {isa = PBXBuildFile; fileRef = F07AC0ED2AF2AF2F00BD2B93 /* EjemploSlider.swift */; };
		F07AC0F72AF2AF2F00BD2B93 /* EjemploText.swift in Sources */ = {isa = PBXBuildFile; fileRef = F07AC0EE2AF2AF2F00BD2B93 /* EjemploText.swift */; };
		F07AC0F82AF2AF2F00BD2B93 /* EjemploButton.swift in Sources */ = {isa = PBXBuildFile; fileRef = F07AC0EF2AF2AF2F00BD2B93 /* EjemploButton.swift */; };
		F07AC0F92AF2AF2F00BD2B93 /* EjemploToggle.swift in Sources */ = {isa = PBXBuildFile; fileRef = F07AC0F02AF2AF2F00BD2B93 /* EjemploToggle.swift */; };
		F07AC0FA2AF2AF2F00BD2B93 /* EjemploTextField.swift in Sources */ = {isa = PBXBuildFile; fileRef = F07AC0F12AF2AF2F00BD2B93 /* EjemploTextField.swift */; };
		F07AC0FB2AF2AF2F00BD2B93 /* EjemploRotacion.swift in Sources */ = {isa = PBXBuildFile; fileRef = F07AC0F22AF2AF2F00BD2B93 /* EjemploRotacion.swift */; };
		F07AC0FC2AF2AF2F00BD2B93 /* Prueba.swift in Sources */ = {isa = PBXBuildFile; fileRef = F07AC0F32AF2AF2F00BD2B93 /* Prueba.swift */; };
		F07AC0FD2AF2AF2F00BD2B93 /* EjemploImage.swift in Sources */ = {isa = PBXBuildFile; fileRef = F07AC0F42AF2AF2F00BD2B93 /* EjemploImage.swift */; };
		F07AC0FF2AF2B0A500BD2B93 /* EjemploState.swift in Sources */ = {isa = PBXBuildFile; fileRef = F07AC0FE2AF2B0A500BD2B93 /* EjemploState.swift */; };
		F07AC1012AF2B15500BD2B93 /* EjemploObservableObject.swift in Sources */ = {isa = PBXBuildFile; fileRef = F07AC1002AF2B15500BD2B93 /* EjemploObservableObject.swift */; };
		F07AC1032AF2B2C400BD2B93 /* EjemploSubvista.swift in Sources */ = {isa = PBXBuildFile; fileRef = F07AC1022AF2B2C400BD2B93 /* EjemploSubvista.swift */; };
		F07AC1052AF2B41200BD2B93 /* EjemploCompartirEstadoVistas.swift in Sources */ = {isa = PBXBuildFile; fileRef = F07AC1042AF2B41200BD2B93 /* EjemploCompartirEstadoVistas.swift */; };
		F07AC1072AF2B47E00BD2B93 /* Opciones.swift in Sources */ = {isa = PBXBuildFile; fileRef = F07AC1062AF2B47E00BD2B93 /* Opciones.swift */; };
/* End PBXBuildFile section */

/* Begin PBXFileReference section */
		F06606142AF2B8B50058DEE1 /* .gitignore */ = {isa = PBXFileReference; lastKnownFileType = text; path = .gitignore; sourceTree = "<group>"; };
		F06606162AF2B9070058DEE1 /* README.md */ = {isa = PBXFileReference; lastKnownFileType = net.daringfireball.markdown; path = README.md; sourceTree = "<group>"; };
		F07AC0DA2AF2303200BD2B93 /* ejemplos-swuiftui.app */ = {isa = PBXFileReference; explicitFileType = wrapper.application; includeInIndex = 0; path = "ejemplos-swuiftui.app"; sourceTree = BUILT_PRODUCTS_DIR; };
		F07AC0DD2AF2303200BD2B93 /* ejemplos_swuiftuiApp.swift */ = {isa = PBXFileReference; lastKnownFileType = sourcecode.swift; path = ejemplos_swuiftuiApp.swift; sourceTree = "<group>"; };
		F07AC0DF2AF2303200BD2B93 /* ContentView.swift */ = {isa = PBXFileReference; lastKnownFileType = sourcecode.swift; path = ContentView.swift; sourceTree = "<group>"; };
		F07AC0E12AF2303400BD2B93 /* Assets.xcassets */ = {isa = PBXFileReference; lastKnownFileType = folder.assetcatalog; path = Assets.xcassets; sourceTree = "<group>"; };
		F07AC0E42AF2303400BD2B93 /* Preview Assets.xcassets */ = {isa = PBXFileReference; lastKnownFileType = folder.assetcatalog; path = "Preview Assets.xcassets"; sourceTree = "<group>"; };
		F07AC0EC2AF2AF2F00BD2B93 /* EjemploPicker.swift */ = {isa = PBXFileReference; fileEncoding = 4; lastKnownFileType = sourcecode.swift; path = EjemploPicker.swift; sourceTree = "<group>"; };
		F07AC0ED2AF2AF2F00BD2B93 /* EjemploSlider.swift */ = {isa = PBXFileReference; fileEncoding = 4; lastKnownFileType = sourcecode.swift; path = EjemploSlider.swift; sourceTree = "<group>"; };
		F07AC0EE2AF2AF2F00BD2B93 /* EjemploText.swift */ = {isa = PBXFileReference; fileEncoding = 4; lastKnownFileType = sourcecode.swift; path = EjemploText.swift; sourceTree = "<group>"; };
		F07AC0EF2AF2AF2F00BD2B93 /* EjemploButton.swift */ = {isa = PBXFileReference; fileEncoding = 4; lastKnownFileType = sourcecode.swift; path = EjemploButton.swift; sourceTree = "<group>"; };
		F07AC0F02AF2AF2F00BD2B93 /* EjemploToggle.swift */ = {isa = PBXFileReference; fileEncoding = 4; lastKnownFileType = sourcecode.swift; path = EjemploToggle.swift; sourceTree = "<group>"; };
		F07AC0F12AF2AF2F00BD2B93 /* EjemploTextField.swift */ = {isa = PBXFileReference; fileEncoding = 4; lastKnownFileType = sourcecode.swift; path = EjemploTextField.swift; sourceTree = "<group>"; };
		F07AC0F22AF2AF2F00BD2B93 /* EjemploRotacion.swift */ = {isa = PBXFileReference; fileEncoding = 4; lastKnownFileType = sourcecode.swift; path = EjemploRotacion.swift; sourceTree = "<group>"; };
		F07AC0F32AF2AF2F00BD2B93 /* Prueba.swift */ = {isa = PBXFileReference; fileEncoding = 4; lastKnownFileType = sourcecode.swift; path = Prueba.swift; sourceTree = "<group>"; };
		F07AC0F42AF2AF2F00BD2B93 /* EjemploImage.swift */ = {isa = PBXFileReference; fileEncoding = 4; lastKnownFileType = sourcecode.swift; path = EjemploImage.swift; sourceTree = "<group>"; };
		F07AC0FE2AF2B0A500BD2B93 /* EjemploState.swift */ = {isa = PBXFileReference; lastKnownFileType = sourcecode.swift; path = EjemploState.swift; sourceTree = "<group>"; };
		F07AC1002AF2B15500BD2B93 /* EjemploObservableObject.swift */ = {isa = PBXFileReference; lastKnownFileType = sourcecode.swift; path = EjemploObservableObject.swift; sourceTree = "<group>"; };
		F07AC1022AF2B2C400BD2B93 /* EjemploSubvista.swift */ = {isa = PBXFileReference; lastKnownFileType = sourcecode.swift; path = EjemploSubvista.swift; sourceTree = "<group>"; };
		F07AC1042AF2B41200BD2B93 /* EjemploCompartirEstadoVistas.swift */ = {isa = PBXFileReference; lastKnownFileType = sourcecode.swift; path = EjemploCompartirEstadoVistas.swift; sourceTree = "<group>"; };
		F07AC1062AF2B47E00BD2B93 /* Opciones.swift */ = {isa = PBXFileReference; lastKnownFileType = sourcecode.swift; path = Opciones.swift; sourceTree = "<group>"; };
/* End PBXFileReference section */

/* Begin PBXFrameworksBuildPhase section */
		F07AC0D72AF2303200BD2B93 /* Frameworks */ = {
			isa = PBXFrameworksBuildPhase;
			buildActionMask = 2147483647;
			files = (
			);
			runOnlyForDeploymentPostprocessing = 0;
		};
/* End PBXFrameworksBuildPhase section */

/* Begin PBXGroup section */
		F07AC0D12AF2303200BD2B93 = {
			isa = PBXGroup;
			children = (
				F06606162AF2B9070058DEE1 /* README.md */,
				F06606142AF2B8B50058DEE1 /* .gitignore */,
				F07AC0DC2AF2303200BD2B93 /* ejemplos-swuiftui */,
				F07AC0DB2AF2303200BD2B93 /* Products */,
			);
			sourceTree = "<group>";
		};
		F07AC0DB2AF2303200BD2B93 /* Products */ = {
			isa = PBXGroup;
			children = (
				F07AC0DA2AF2303200BD2B93 /* ejemplos-swuiftui.app */,
			);
			name = Products;
			sourceTree = "<group>";
		};
		F07AC0DC2AF2303200BD2B93 /* ejemplos-swuiftui */ = {
			isa = PBXGroup;
			children = (
				F07AC0EB2AF2AF0F00BD2B93 /* Ejemplos */,
				F07AC0DD2AF2303200BD2B93 /* ejemplos_swuiftuiApp.swift */,
				F07AC0DF2AF2303200BD2B93 /* ContentView.swift */,
				F07AC0E12AF2303400BD2B93 /* Assets.xcassets */,
				F07AC0E32AF2303400BD2B93 /* Preview Content */,
				F07AC1062AF2B47E00BD2B93 /* Opciones.swift */,
			);
			path = "ejemplos-swuiftui";
			sourceTree = "<group>";
		};
		F07AC0E32AF2303400BD2B93 /* Preview Content */ = {
			isa = PBXGroup;
			children = (
				F07AC0E42AF2303400BD2B93 /* Preview Assets.xcassets */,
			);
			path = "Preview Content";
			sourceTree = "<group>";
		};
		F07AC0EB2AF2AF0F00BD2B93 /* Ejemplos */ = {
			isa = PBXGroup;
			children = (
				F07AC0EF2AF2AF2F00BD2B93 /* EjemploButton.swift */,
				F07AC0F42AF2AF2F00BD2B93 /* EjemploImage.swift */,
				F07AC0EC2AF2AF2F00BD2B93 /* EjemploPicker.swift */,
				F07AC0F22AF2AF2F00BD2B93 /* EjemploRotacion.swift */,
				F07AC0ED2AF2AF2F00BD2B93 /* EjemploSlider.swift */,
				F07AC0EE2AF2AF2F00BD2B93 /* EjemploText.swift */,
				F07AC0F12AF2AF2F00BD2B93 /* EjemploTextField.swift */,
				F07AC0F02AF2AF2F00BD2B93 /* EjemploToggle.swift */,
				F07AC0F32AF2AF2F00BD2B93 /* Prueba.swift */,
				F07AC0FE2AF2B0A500BD2B93 /* EjemploState.swift */,
				F07AC1002AF2B15500BD2B93 /* EjemploObservableObject.swift */,
				F07AC1022AF2B2C400BD2B93 /* EjemploSubvista.swift */,
				F07AC1042AF2B41200BD2B93 /* EjemploCompartirEstadoVistas.swift */,
			);
			path = Ejemplos;
			sourceTree = "<group>";
		};
/* End PBXGroup section */

/* Begin PBXNativeTarget section */
		F07AC0D92AF2303200BD2B93 /* ejemplos-swuiftui */ = {
			isa = PBXNativeTarget;
			buildConfigurationList = F07AC0E82AF2303400BD2B93 /* Build configuration list for PBXNativeTarget "ejemplos-swuiftui" */;
			buildPhases = (
				F07AC0D62AF2303200BD2B93 /* Sources */,
				F07AC0D72AF2303200BD2B93 /* Frameworks */,
				F07AC0D82AF2303200BD2B93 /* Resources */,
			);
			buildRules = (
			);
			dependencies = (
			);
			name = "ejemplos-swuiftui";
			productName = "ejemplos-swuiftui";
			productReference = F07AC0DA2AF2303200BD2B93 /* ejemplos-swuiftui.app */;
			productType = "com.apple.product-type.application";
		};
/* End PBXNativeTarget section */

/* Begin PBXProject section */
		F07AC0D22AF2303200BD2B93 /* Project object */ = {
			isa = PBXProject;
			attributes = {
				BuildIndependentTargetsInParallel = 1;
				LastSwiftUpdateCheck = 1500;
				LastUpgradeCheck = 1500;
				TargetAttributes = {
					F07AC0D92AF2303200BD2B93 = {
						CreatedOnToolsVersion = 15.0;
					};
				};
			};
			buildConfigurationList = F07AC0D52AF2303200BD2B93 /* Build configuration list for PBXProject "ejemplos-swuiftui" */;
			compatibilityVersion = "Xcode 14.0";
			developmentRegion = en;
			hasScannedForEncodings = 0;
			knownRegions = (
				en,
				Base,
			);
			mainGroup = F07AC0D12AF2303200BD2B93;
			productRefGroup = F07AC0DB2AF2303200BD2B93 /* Products */;
			projectDirPath = "";
			projectRoot = "";
			targets = (
				F07AC0D92AF2303200BD2B93 /* ejemplos-swuiftui */,
			);
		};
/* End PBXProject section */

/* Begin PBXResourcesBuildPhase section */
		F07AC0D82AF2303200BD2B93 /* Resources */ = {
			isa = PBXResourcesBuildPhase;
			buildActionMask = 2147483647;
			files = (
				F07AC0E52AF2303400BD2B93 /* Preview Assets.xcassets in Resources */,
				F06606152AF2B8B50058DEE1 /* .gitignore in Resources */,
				F06606172AF2B9070058DEE1 /* README.md in Resources */,
				F07AC0E22AF2303400BD2B93 /* Assets.xcassets in Resources */,
			);
			runOnlyForDeploymentPostprocessing = 0;
		};
/* End PBXResourcesBuildPhase section */

/* Begin PBXSourcesBuildPhase section */
		F07AC0D62AF2303200BD2B93 /* Sources */ = {
			isa = PBXSourcesBuildPhase;
			buildActionMask = 2147483647;
			files = (
				F07AC0FC2AF2AF2F00BD2B93 /* Prueba.swift in Sources */,
				F07AC0F82AF2AF2F00BD2B93 /* EjemploButton.swift in Sources */,
				F07AC0E02AF2303200BD2B93 /* ContentView.swift in Sources */,
				F07AC0FD2AF2AF2F00BD2B93 /* EjemploImage.swift in Sources */,
				F07AC0F62AF2AF2F00BD2B93 /* EjemploSlider.swift in Sources */,
				F07AC0F52AF2AF2F00BD2B93 /* EjemploPicker.swift in Sources */,
				F07AC0FF2AF2B0A500BD2B93 /* EjemploState.swift in Sources */,
				F07AC1012AF2B15500BD2B93 /* EjemploObservableObject.swift in Sources */,
				F07AC0F92AF2AF2F00BD2B93 /* EjemploToggle.swift in Sources */,
				F07AC1072AF2B47E00BD2B93 /* Opciones.swift in Sources */,
				F07AC0FB2AF2AF2F00BD2B93 /* EjemploRotacion.swift in Sources */,
				F07AC0DE2AF2303200BD2B93 /* ejemplos_swuiftuiApp.swift in Sources */,
				F07AC0FA2AF2AF2F00BD2B93 /* EjemploTextField.swift in Sources */,
				F07AC1052AF2B41200BD2B93 /* EjemploCompartirEstadoVistas.swift in Sources */,
				F07AC0F72AF2AF2F00BD2B93 /* EjemploText.swift in Sources */,
				F07AC1032AF2B2C400BD2B93 /* EjemploSubvista.swift in Sources */,
			);
			runOnlyForDeploymentPostprocessing = 0;
		};
/* End PBXSourcesBuildPhase section */

/* Begin XCBuildConfiguration section */
		F07AC0E62AF2303400BD2B93 /* Debug */ = {
			isa = XCBuildConfiguration;
			buildSettings = {
				ALWAYS_SEARCH_USER_PATHS = NO;
				ASSETCATALOG_COMPILER_GENERATE_SWIFT_ASSET_SYMBOL_EXTENSIONS = YES;
				CLANG_ANALYZER_NONNULL = YES;
				CLANG_ANALYZER_NUMBER_OBJECT_CONVERSION = YES_AGGRESSIVE;
				CLANG_CXX_LANGUAGE_STANDARD = "gnu++20";
				CLANG_ENABLE_MODULES = YES;
				CLANG_ENABLE_OBJC_ARC = YES;
				CLANG_ENABLE_OBJC_WEAK = YES;
				CLANG_WARN_BLOCK_CAPTURE_AUTORELEASING = YES;
				CLANG_WARN_BOOL_CONVERSION = YES;
				CLANG_WARN_COMMA = YES;
				CLANG_WARN_CONSTANT_CONVERSION = YES;
				CLANG_WARN_DEPRECATED_OBJC_IMPLEMENTATIONS = YES;
				CLANG_WARN_DIRECT_OBJC_ISA_USAGE = YES_ERROR;
				CLANG_WARN_DOCUMENTATION_COMMENTS = YES;
				CLANG_WARN_EMPTY_BODY = YES;
				CLANG_WARN_ENUM_CONVERSION = YES;
				CLANG_WARN_INFINITE_RECURSION = YES;
				CLANG_WARN_INT_CONVERSION = YES;
				CLANG_WARN_NON_LITERAL_NULL_CONVERSION = YES;
				CLANG_WARN_OBJC_IMPLICIT_RETAIN_SELF = YES;
				CLANG_WARN_OBJC_LITERAL_CONVERSION = YES;
				CLANG_WARN_OBJC_ROOT_CLASS = YES_ERROR;
				CLANG_WARN_QUOTED_INCLUDE_IN_FRAMEWORK_HEADER = YES;
				CLANG_WARN_RANGE_LOOP_ANALYSIS = YES;
				CLANG_WARN_STRICT_PROTOTYPES = YES;
				CLANG_WARN_SUSPICIOUS_MOVE = YES;
				CLANG_WARN_UNGUARDED_AVAILABILITY = YES_AGGRESSIVE;
				CLANG_WARN_UNREACHABLE_CODE = YES;
				CLANG_WARN__DUPLICATE_METHOD_MATCH = YES;
				COPY_PHASE_STRIP = NO;
				DEBUG_INFORMATION_FORMAT = dwarf;
				ENABLE_STRICT_OBJC_MSGSEND = YES;
				ENABLE_TESTABILITY = YES;
				ENABLE_USER_SCRIPT_SANDBOXING = YES;
				GCC_C_LANGUAGE_STANDARD = gnu17;
				GCC_DYNAMIC_NO_PIC = NO;
				GCC_NO_COMMON_BLOCKS = YES;
				GCC_OPTIMIZATION_LEVEL = 0;
				GCC_PREPROCESSOR_DEFINITIONS = (
					"DEBUG=1",
					"$(inherited)",
				);
				GCC_WARN_64_TO_32_BIT_CONVERSION = YES;
				GCC_WARN_ABOUT_RETURN_TYPE = YES_ERROR;
				GCC_WARN_UNDECLARED_SELECTOR = YES;
				GCC_WARN_UNINITIALIZED_AUTOS = YES_AGGRESSIVE;
				GCC_WARN_UNUSED_FUNCTION = YES;
				GCC_WARN_UNUSED_VARIABLE = YES;
				IPHONEOS_DEPLOYMENT_TARGET = 17.0;
				LOCALIZATION_PREFERS_STRING_CATALOGS = YES;
				MTL_ENABLE_DEBUG_INFO = INCLUDE_SOURCE;
				MTL_FAST_MATH = YES;
				ONLY_ACTIVE_ARCH = YES;
				SDKROOT = iphoneos;
				SWIFT_ACTIVE_COMPILATION_CONDITIONS = "DEBUG $(inherited)";
				SWIFT_OPTIMIZATION_LEVEL = "-Onone";
			};
			name = Debug;
		};
		F07AC0E72AF2303400BD2B93 /* Release */ = {
			isa = XCBuildConfiguration;
			buildSettings = {
				ALWAYS_SEARCH_USER_PATHS = NO;
				ASSETCATALOG_COMPILER_GENERATE_SWIFT_ASSET_SYMBOL_EXTENSIONS = YES;
				CLANG_ANALYZER_NONNULL = YES;
				CLANG_ANALYZER_NUMBER_OBJECT_CONVERSION = YES_AGGRESSIVE;
				CLANG_CXX_LANGUAGE_STANDARD = "gnu++20";
				CLANG_ENABLE_MODULES = YES;
				CLANG_ENABLE_OBJC_ARC = YES;
				CLANG_ENABLE_OBJC_WEAK = YES;
				CLANG_WARN_BLOCK_CAPTURE_AUTORELEASING = YES;
				CLANG_WARN_BOOL_CONVERSION = YES;
				CLANG_WARN_COMMA = YES;
				CLANG_WARN_CONSTANT_CONVERSION = YES;
				CLANG_WARN_DEPRECATED_OBJC_IMPLEMENTATIONS = YES;
				CLANG_WARN_DIRECT_OBJC_ISA_USAGE = YES_ERROR;
				CLANG_WARN_DOCUMENTATION_COMMENTS = YES;
				CLANG_WARN_EMPTY_BODY = YES;
				CLANG_WARN_ENUM_CONVERSION = YES;
				CLANG_WARN_INFINITE_RECURSION = YES;
				CLANG_WARN_INT_CONVERSION = YES;
				CLANG_WARN_NON_LITERAL_NULL_CONVERSION = YES;
				CLANG_WARN_OBJC_IMPLICIT_RETAIN_SELF = YES;
				CLANG_WARN_OBJC_LITERAL_CONVERSION = YES;
				CLANG_WARN_OBJC_ROOT_CLASS = YES_ERROR;
				CLANG_WARN_QUOTED_INCLUDE_IN_FRAMEWORK_HEADER = YES;
				CLANG_WARN_RANGE_LOOP_ANALYSIS = YES;
				CLANG_WARN_STRICT_PROTOTYPES = YES;
				CLANG_WARN_SUSPICIOUS_MOVE = YES;
				CLANG_WARN_UNGUARDED_AVAILABILITY = YES_AGGRESSIVE;
				CLANG_WARN_UNREACHABLE_CODE = YES;
				CLANG_WARN__DUPLICATE_METHOD_MATCH = YES;
				COPY_PHASE_STRIP = NO;
				DEBUG_INFORMATION_FORMAT = "dwarf-with-dsym";
				ENABLE_NS_ASSERTIONS = NO;
				ENABLE_STRICT_OBJC_MSGSEND = YES;
				ENABLE_USER_SCRIPT_SANDBOXING = YES;
				GCC_C_LANGUAGE_STANDARD = gnu17;
				GCC_NO_COMMON_BLOCKS = YES;
				GCC_WARN_64_TO_32_BIT_CONVERSION = YES;
				GCC_WARN_ABOUT_RETURN_TYPE = YES_ERROR;
				GCC_WARN_UNDECLARED_SELECTOR = YES;
				GCC_WARN_UNINITIALIZED_AUTOS = YES_AGGRESSIVE;
				GCC_WARN_UNUSED_FUNCTION = YES;
				GCC_WARN_UNUSED_VARIABLE = YES;
				IPHONEOS_DEPLOYMENT_TARGET = 17.0;
				LOCALIZATION_PREFERS_STRING_CATALOGS = YES;
				MTL_ENABLE_DEBUG_INFO = NO;
				MTL_FAST_MATH = YES;
				SDKROOT = iphoneos;
				SWIFT_COMPILATION_MODE = wholemodule;
				VALIDATE_PRODUCT = YES;
			};
			name = Release;
		};
		F07AC0E92AF2303400BD2B93 /* Debug */ = {
			isa = XCBuildConfiguration;
			buildSettings = {
				ASSETCATALOG_COMPILER_APPICON_NAME = AppIcon;
				ASSETCATALOG_COMPILER_GLOBAL_ACCENT_COLOR_NAME = AccentColor;
				CODE_SIGN_STYLE = Automatic;
				CURRENT_PROJECT_VERSION = 1;
				DEVELOPMENT_ASSET_PATHS = "\"ejemplos-swuiftui/Preview Content\"";
				DEVELOPMENT_TEAM = GDV6AXPUQ7;
				ENABLE_PREVIEWS = YES;
				GENERATE_INFOPLIST_FILE = YES;
				INFOPLIST_KEY_UIApplicationSceneManifest_Generation = YES;
				INFOPLIST_KEY_UIApplicationSupportsIndirectInputEvents = YES;
				INFOPLIST_KEY_UILaunchScreen_Generation = YES;
				INFOPLIST_KEY_UISupportedInterfaceOrientations_iPad = "UIInterfaceOrientationPortrait UIInterfaceOrientationPortraitUpsideDown UIInterfaceOrientationLandscapeLeft UIInterfaceOrientationLandscapeRight";
				INFOPLIST_KEY_UISupportedInterfaceOrientations_iPhone = "UIInterfaceOrientationPortrait UIInterfaceOrientationLandscapeLeft UIInterfaceOrientationLandscapeRight";
				IPHONEOS_DEPLOYMENT_TARGET = 15.0;
				LD_RUNPATH_SEARCH_PATHS = (
					"$(inherited)",
					"@executable_path/Frameworks",
				);
				MARKETING_VERSION = 1.0;
				PRODUCT_BUNDLE_IDENTIFIER = "org.egibide.pmdm.ejemplos-swuiftui";
				PRODUCT_NAME = "$(TARGET_NAME)";
				SWIFT_EMIT_LOC_STRINGS = YES;
				SWIFT_VERSION = 5.0;
				TARGETED_DEVICE_FAMILY = "1,2";
			};
			name = Debug;
		};
		F07AC0EA2AF2303400BD2B93 /* Release */ = {
			isa = XCBuildConfiguration;
			buildSettings = {
				ASSETCATALOG_COMPILER_APPICON_NAME = AppIcon;
				ASSETCATALOG_COMPILER_GLOBAL_ACCENT_COLOR_NAME = AccentColor;
				CODE_SIGN_STYLE = Automatic;
				CURRENT_PROJECT_VERSION = 1;
				DEVELOPMENT_ASSET_PATHS = "\"ejemplos-swuiftui/Preview Content\"";
				DEVELOPMENT_TEAM = GDV6AXPUQ7;
				ENABLE_PREVIEWS = YES;
				GENERATE_INFOPLIST_FILE = YES;
				INFOPLIST_KEY_UIApplicationSceneManifest_Generation = YES;
				INFOPLIST_KEY_UIApplicationSupportsIndirectInputEvents = YES;
				INFOPLIST_KEY_UILaunchScreen_Generation = YES;
				INFOPLIST_KEY_UISupportedInterfaceOrientations_iPad = "UIInterfaceOrientationPortrait UIInterfaceOrientationPortraitUpsideDown UIInterfaceOrientationLandscapeLeft UIInterfaceOrientationLandscapeRight";
				INFOPLIST_KEY_UISupportedInterfaceOrientations_iPhone = "UIInterfaceOrientationPortrait UIInterfaceOrientationLandscapeLeft UIInterfaceOrientationLandscapeRight";
				IPHONEOS_DEPLOYMENT_TARGET = 15.0;
				LD_RUNPATH_SEARCH_PATHS = (
					"$(inherited)",
					"@executable_path/Frameworks",
				);
				MARKETING_VERSION = 1.0;
				PRODUCT_BUNDLE_IDENTIFIER = "org.egibide.pmdm.ejemplos-swuiftui";
				PRODUCT_NAME = "$(TARGET_NAME)";
				SWIFT_EMIT_LOC_STRINGS = YES;
				SWIFT_VERSION = 5.0;
				TARGETED_DEVICE_FAMILY = "1,2";
			};
			name = Release;
		};
/* End XCBuildConfiguration section */

/* Begin XCConfigurationList section */
		F07AC0D52AF2303200BD2B93 /* Build configuration list for PBXProject "ejemplos-swuiftui" */ = {
			isa = XCConfigurationList;
			buildConfigurations = (
				F07AC0E62AF2303400BD2B93 /* Debug */,
				F07AC0E72AF2303400BD2B93 /* Release */,
			);
			defaultConfigurationIsVisible = 0;
			defaultConfigurationName = Release;
		};
		F07AC0E82AF2303400BD2B93 /* Build configuration list for PBXNativeTarget "ejemplos-swuiftui" */ = {
			isa = XCConfigurationList;
			buildConfigurations = (
				F07AC0E92AF2303400BD2B93 /* Debug */,
				F07AC0EA2AF2303400BD2B93 /* Release */,
			);
			defaultConfigurationIsVisible = 0;
			defaultConfigurationName = Release;
		};
/* End XCConfigurationList section */
	};
	rootObject = F07AC0D22AF2303200BD2B93 /* Project object */;
}
